
Microsoft Visual Studio Solution File, Format Version 12.00
# Visual Studio 15
VisualStudioVersion = 15.0.26730.16
MinimumVisualStudioVersion = 10.0.40219.1
Project("{9A19103F-16F7-4668-BE54-9A1E7A4F7556}") = "Writer", "src\app\Writer.csproj", "{4A230BA0-C3CC-4DCF-BE38-AF1DD6549A2A}"
EndProject
Project("{E24C65DC-7377-472B-9ABA-BC803B73C61A}") = "doc", "doc\", "{80C2922A-230C-4797-85B2-6F964949DA75}"
	ProjectSection(WebsiteProperties) = preProject
		TargetFrameworkMoniker = ".NETFramework,Version%3Dv4.0"
		Debug.AspNetCompiler.VirtualPath = "/localhost_13329"
		Debug.AspNetCompiler.PhysicalPath = "doc\"
		Debug.AspNetCompiler.TargetPath = "PrecompiledWeb\localhost_13329\"
		Debug.AspNetCompiler.Updateable = "true"
		Debug.AspNetCompiler.ForceOverwrite = "true"
		Debug.AspNetCompiler.FixedNames = "false"
		Debug.AspNetCompiler.Debug = "True"
		Release.AspNetCompiler.VirtualPath = "/localhost_13329"
		Release.AspNetCompiler.PhysicalPath = "doc\"
		Release.AspNetCompiler.TargetPath = "PrecompiledWeb\localhost_13329\"
		Release.AspNetCompiler.Updateable = "true"
		Release.AspNetCompiler.ForceOverwrite = "true"
		Release.AspNetCompiler.FixedNames = "false"
		Release.AspNetCompiler.Debug = "False"
		VWDPort = "13329"
		SlnRelativePath = "doc\"
	EndProjectSection
EndProject
Project("{9A19103F-16F7-4668-BE54-9A1E7A4F7556}") = "CommandLine", "src\Command\CommandLine.csproj", "{FE434414-E77C-4842-BCCF-AEEC39C3E5CC}"
EndProject
Global
	GlobalSection(SolutionConfigurationPlatforms) = preSolution
		Debug|Any CPU = Debug|Any CPU
		Release|Any CPU = Release|Any CPU
	EndGlobalSection
	GlobalSection(ProjectConfigurationPlatforms) = postSolution
		{4A230BA0-C3CC-4DCF-BE38-AF1DD6549A2A}.Debug|Any CPU.ActiveCfg = Debug|Any CPU
		{4A230BA0-C3CC-4DCF-BE38-AF1DD6549A2A}.Debug|Any CPU.Build.0 = Debug|Any CPU
		{4A230BA0-C3CC-4DCF-BE38-AF1DD6549A2A}.Release|Any CPU.ActiveCfg = Release|Any CPU
		{4A230BA0-C3CC-4DCF-BE38-AF1DD6549A2A}.Release|Any CPU.Build.0 = Release|Any CPU
		{80C2922A-230C-4797-85B2-6F964949DA75}.Debug|Any CPU.ActiveCfg = Debug|Any CPU
		{80C2922A-230C-4797-85B2-6F964949DA75}.Debug|Any CPU.Build.0 = Debug|Any CPU
		{80C2922A-230C-4797-85B2-6F964949DA75}.Release|Any CPU.ActiveCfg = Debug|Any CPU
		{80C2922A-230C-4797-85B2-6F964949DA75}.Release|Any CPU.Build.0 = Debug|Any CPU
		{FE434414-E77C-4842-BCCF-AEEC39C3E5CC}.Debug|Any CPU.ActiveCfg = Debug|Any CPU
		{FE434414-E77C-4842-BCCF-AEEC39C3E5CC}.Debug|Any CPU.Build.0 = Debug|Any CPU
		{FE434414-E77C-4842-BCCF-AEEC39C3E5CC}.Release|Any CPU.ActiveCfg = Release|Any CPU
		{FE434414-E77C-4842-BCCF-AEEC39C3E5CC}.Release|Any CPU.Build.0 = Release|Any CPU
	EndGlobalSection
	GlobalSection(SolutionProperties) = preSolution
		HideSolutionNode = FALSE
	EndGlobalSection
	GlobalSection(ExtensibilityGlobals) = postSolution
		SolutionGuid = {CE01164F-91D6-407B-AB5D-AF7E1961849D}
	EndGlobalSection
EndGlobal
